
Microsoft Visual Studio Solution File, Format Version 12.00
# Visual Studio Version 17
VisualStudioVersion = 17.4.33103.184
MinimumVisualStudioVersion = 10.0.40219.1
Project("{FAE04EC0-301F-11D3-BF4B-00C04F79EFBC}") = "EFKomNU", "EFKomNU\EFKomNU.csproj", "{2ABE2FBE-2B89-4497-82E2-BE9AE1D4E4D7}"
EndProject
Global
	GlobalSection(SolutionConfigurationPlatforms) = preSolution
		Debug|Any CPU = Debug|Any CPU
		Release|Any CPU = Release|Any CPU
	EndGlobalSection
	GlobalSection(ProjectConfigurationPlatforms) = postSolution
		{2ABE2FBE-2B89-4497-82E2-BE9AE1D4E4D7}.Debug|Any CPU.ActiveCfg = Debug|Any CPU
		{2ABE2FBE-2B89-4497-82E2-BE9AE1D4E4D7}.Debug|Any CPU.Build.0 = Debug|Any CPU
		{2ABE2FBE-2B89-4497-82E2-BE9AE1D4E4D7}.Release|Any CPU.ActiveCfg = Release|Any CPU
		{2ABE2FBE-2B89-4497-82E2-BE9AE1D4E4D7}.Release|Any CPU.Build.0 = Release|Any CPU
	EndGlobalSection
	GlobalSection(SolutionProperties) = preSolution
		HideSolutionNode = FALSE
	EndGlobalSection
	GlobalSection(ExtensibilityGlobals) = postSolution
		SolutionGuid = {144239D1-EDB0-4E91-93D1-4D93C8DF3C6F}
	EndGlobalSection
EndGlobal
